
Microsoft Visual Studio Solution File, Format Version 12.00
# Visual Studio 15
VisualStudioVersion = 15.0.26730.16
MinimumVisualStudioVersion = 10.0.40219.1
Project("{FAE04EC0-301F-11D3-BF4B-00C04F79EFBC}") = "StackLayout.Android", "StackLayout\StackLayout.Android\StackLayout.Android.csproj", "{7CEF5102-091D-4B7B-82F9-BA1B8AFB5F71}"
EndProject
Project("{FAE04EC0-301F-11D3-BF4B-00C04F79EFBC}") = "StackLayout", "StackLayout\StackLayout\StackLayout.csproj", "{1C4F48F5-4C8D-4651-95A9-3A532887834C}"
EndProject
Project("{FAE04EC0-301F-11D3-BF4B-00C04F79EFBC}") = "StackLayout.UWP", "StackLayout\StackLayout.UWP\StackLayout.UWP.csproj", "{8B631DFB-F576-478C-B851-0A03084F74CE}"
EndProject
Project("{FAE04EC0-301F-11D3-BF4B-00C04F79EFBC}") = "StackLayout.iOS", "StackLayout\StackLayout.iOS\StackLayout.iOS.csproj", "{AC21C268-7B2E-4C44-B13B-44E925205629}"
EndProject
Global
	GlobalSection(SolutionConfigurationPlatforms) = preSolution
		Ad-Hoc|Any CPU = Ad-Hoc|Any CPU
		Ad-Hoc|ARM = Ad-Hoc|ARM
		Ad-Hoc|iPhone = Ad-Hoc|iPhone
		Ad-Hoc|iPhoneSimulator = Ad-Hoc|iPhoneSimulator
		Ad-Hoc|x64 = Ad-Hoc|x64
		Ad-Hoc|x86 = Ad-Hoc|x86
		AppStore|Any CPU = AppStore|Any CPU
		AppStore|ARM = AppStore|ARM
		AppStore|iPhone = AppStore|iPhone
		AppStore|iPhoneSimulator = AppStore|iPhoneSimulator
		AppStore|x64 = AppStore|x64
		AppStore|x86 = AppStore|x86
		Debug|Any CPU = Debug|Any CPU
		Debug|ARM = Debug|ARM
		Debug|iPhone = Debug|iPhone
		Debug|iPhoneSimulator = Debug|iPhoneSimulator
		Debug|x64 = Debug|x64
		Debug|x86 = Debug|x86
		Release|Any CPU = Release|Any CPU
		Release|ARM = Release|ARM
		Release|iPhone = Release|iPhone
		Release|iPhoneSimulator = Release|iPhoneSimulator
		Release|x64 = Release|x64
		Release|x86 = Release|x86
	EndGlobalSection
	GlobalSection(ProjectConfigurationPlatforms) = postSolution
		{7CEF5102-091D-4B7B-82F9-BA1B8AFB5F71}.Ad-Hoc|Any CPU.ActiveCfg = Release|Any CPU
		{7CEF5102-091D-4B7B-82F9-BA1B8AFB5F71}.Ad-Hoc|Any CPU.Build.0 = Release|Any CPU
		{7CEF5102-091D-4B7B-82F9-BA1B8AFB5F71}.Ad-Hoc|Any CPU.Deploy.0 = Release|Any CPU
		{7CEF5102-091D-4B7B-82F9-BA1B8AFB5F71}.Ad-Hoc|ARM.ActiveCfg = Release|Any CPU
		{7CEF5102-091D-4B7B-82F9-BA1B8AFB5F71}.Ad-Hoc|ARM.Build.0 = Release|Any CPU
		{7CEF5102-091D-4B7B-82F9-BA1B8AFB5F71}.Ad-Hoc|ARM.Deploy.0 = Release|Any CPU
		{7CEF5102-091D-4B7B-82F9-BA1B8AFB5F71}.Ad-Hoc|iPhone.ActiveCfg = Release|Any CPU
		{7CEF5102-091D-4B7B-82F9-BA1B8AFB5F71}.Ad-Hoc|iPhone.Build.0 = Release|Any CPU
		{7CEF5102-091D-4B7B-82F9-BA1B8AFB5F71}.Ad-Hoc|iPhone.Deploy.0 = Release|Any CPU
		{7CEF5102-091D-4B7B-82F9-BA1B8AFB5F71}.Ad-Hoc|iPhoneSimulator.ActiveCfg = Release|Any CPU
		{7CEF5102-091D-4B7B-82F9-BA1B8AFB5F71}.Ad-Hoc|iPhoneSimulator.Build.0 = Release|Any CPU
		{7CEF5102-091D-4B7B-82F9-BA1B8AFB5F71}.Ad-Hoc|iPhoneSimulator.Deploy.0 = Release|Any CPU
		{7CEF5102-091D-4B7B-82F9-BA1B8AFB5F71}.Ad-Hoc|x64.ActiveCfg = Release|Any CPU
		{7CEF5102-091D-4B7B-82F9-BA1B8AFB5F71}.Ad-Hoc|x64.Build.0 = Release|Any CPU
		{7CEF5102-091D-4B7B-82F9-BA1B8AFB5F71}.Ad-Hoc|x64.Deploy.0 = Release|Any CPU
		{7CEF5102-091D-4B7B-82F9-BA1B8AFB5F71}.Ad-Hoc|x86.ActiveCfg = Release|Any CPU
		{7CEF5102-091D-4B7B-82F9-BA1B8AFB5F71}.Ad-Hoc|x86.Build.0 = Release|Any CPU
		{7CEF5102-091D-4B7B-82F9-BA1B8AFB5F71}.Ad-Hoc|x86.Deploy.0 = Release|Any CPU
		{7CEF5102-091D-4B7B-82F9-BA1B8AFB5F71}.AppStore|Any CPU.ActiveCfg = Release|Any CPU
		{7CEF5102-091D-4B7B-82F9-BA1B8AFB5F71}.AppStore|Any CPU.Build.0 = Release|Any CPU
		{7CEF5102-091D-4B7B-82F9-BA1B8AFB5F71}.AppStore|Any CPU.Deploy.0 = Release|Any CPU
		{7CEF5102-091D-4B7B-82F9-BA1B8AFB5F71}.AppStore|ARM.ActiveCfg = Release|Any CPU
		{7CEF5102-091D-4B7B-82F9-BA1B8AFB5F71}.AppStore|ARM.Build.0 = Release|Any CPU
		{7CEF5102-091D-4B7B-82F9-BA1B8AFB5F71}.AppStore|ARM.Deploy.0 = Release|Any CPU
		{7CEF5102-091D-4B7B-82F9-BA1B8AFB5F71}.AppStore|iPhone.ActiveCfg = Release|Any CPU
		{7CEF5102-091D-4B7B-82F9-BA1B8AFB5F71}.AppStore|iPhone.Build.0 = Release|Any CPU
		{7CEF5102-091D-4B7B-82F9-BA1B8AFB5F71}.AppStore|iPhone.Deploy.0 = Release|Any CPU
		{7CEF5102-091D-4B7B-82F9-BA1B8AFB5F71}.AppStore|iPhoneSimulator.ActiveCfg = Release|Any CPU
		{7CEF5102-091D-4B7B-82F9-BA1B8AFB5F71}.AppStore|iPhoneSimulator.Build.0 = Release|Any CPU
		{7CEF5102-091D-4B7B-82F9-BA1B8AFB5F71}.AppStore|iPhoneSimulator.Deploy.0 = Release|Any CPU
		{7CEF5102-091D-4B7B-82F9-BA1B8AFB5F71}.AppStore|x64.ActiveCfg = Release|Any CPU
		{7CEF5102-091D-4B7B-82F9-BA1B8AFB5F71}.AppStore|x64.Build.0 = Release|Any CPU
		{7CEF5102-091D-4B7B-82F9-BA1B8AFB5F71}.AppStore|x64.Deploy.0 = Release|Any CPU
		{7CEF5102-091D-4B7B-82F9-BA1B8AFB5F71}.AppStore|x86.ActiveCfg = Release|Any CPU
		{7CEF5102-091D-4B7B-82F9-BA1B8AFB5F71}.AppStore|x86.Build.0 = Release|Any CPU
		{7CEF5102-091D-4B7B-82F9-BA1B8AFB5F71}.AppStore|x86.Deploy.0 = Release|Any CPU
		{7CEF5102-091D-4B7B-82F9-BA1B8AFB5F71}.Debug|Any CPU.ActiveCfg = Debug|Any CPU
		{7CEF5102-091D-4B7B-82F9-BA1B8AFB5F71}.Debug|Any CPU.Build.0 = Debug|Any CPU
		{7CEF5102-091D-4B7B-82F9-BA1B8AFB5F71}.Debug|Any CPU.Deploy.0 = Debug|Any CPU
		{7CEF5102-091D-4B7B-82F9-BA1B8AFB5F71}.Debug|ARM.ActiveCfg = Debug|Any CPU
		{7CEF5102-091D-4B7B-82F9-BA1B8AFB5F71}.Debug|ARM.Build.0 = Debug|Any CPU
		{7CEF5102-091D-4B7B-82F9-BA1B8AFB5F71}.Debug|ARM.Deploy.0 = Debug|Any CPU
		{7CEF5102-091D-4B7B-82F9-BA1B8AFB5F71}.Debug|iPhone.ActiveCfg = Debug|Any CPU
		{7CEF5102-091D-4B7B-82F9-BA1B8AFB5F71}.Debug|iPhone.Build.0 = Debug|Any CPU
		{7CEF5102-091D-4B7B-82F9-BA1B8AFB5F71}.Debug|iPhone.Deploy.0 = Debug|Any CPU
		{7CEF5102-091D-4B7B-82F9-BA1B8AFB5F71}.Debug|iPhoneSimulator.ActiveCfg = Debug|Any CPU
		{7CEF5102-091D-4B7B-82F9-BA1B8AFB5F71}.Debug|iPhoneSimulator.Build.0 = Debug|Any CPU
		{7CEF5102-091D-4B7B-82F9-BA1B8AFB5F71}.Debug|iPhoneSimulator.Deploy.0 = Debug|Any CPU
		{7CEF5102-091D-4B7B-82F9-BA1B8AFB5F71}.Debug|x64.ActiveCfg = Debug|Any CPU
		{7CEF5102-091D-4B7B-82F9-BA1B8AFB5F71}.Debug|x64.Build.0 = Debug|Any CPU
		{7CEF5102-091D-4B7B-82F9-BA1B8AFB5F71}.Debug|x64.Deploy.0 = Debug|Any CPU
		{7CEF5102-091D-4B7B-82F9-BA1B8AFB5F71}.Debug|x86.ActiveCfg = Debug|Any CPU
		{7CEF5102-091D-4B7B-82F9-BA1B8AFB5F71}.Debug|x86.Build.0 = Debug|Any CPU
		{7CEF5102-091D-4B7B-82F9-BA1B8AFB5F71}.Debug|x86.Deploy.0 = Debug|Any CPU
		{7CEF5102-091D-4B7B-82F9-BA1B8AFB5F71}.Release|Any CPU.ActiveCfg = Release|Any CPU
		{7CEF5102-091D-4B7B-82F9-BA1B8AFB5F71}.Release|Any CPU.Build.0 = Release|Any CPU
		{7CEF5102-091D-4B7B-82F9-BA1B8AFB5F71}.Release|Any CPU.Deploy.0 = Release|Any CPU
		{7CEF5102-091D-4B7B-82F9-BA1B8AFB5F71}.Release|ARM.ActiveCfg = Release|Any CPU
		{7CEF5102-091D-4B7B-82F9-BA1B8AFB5F71}.Release|ARM.Build.0 = Release|Any CPU
		{7CEF5102-091D-4B7B-82F9-BA1B8AFB5F71}.Release|ARM.Deploy.0 = Release|Any CPU
		{7CEF5102-091D-4B7B-82F9-BA1B8AFB5F71}.Release|iPhone.ActiveCfg = Release|Any CPU
		{7CEF5102-091D-4B7B-82F9-BA1B8AFB5F71}.Release|iPhone.Build.0 = Release|Any CPU
		{7CEF5102-091D-4B7B-82F9-BA1B8AFB5F71}.Release|iPhone.Deploy.0 = Release|Any CPU
		{7CEF5102-091D-4B7B-82F9-BA1B8AFB5F71}.Release|iPhoneSimulator.ActiveCfg = Release|Any CPU
		{7CEF5102-091D-4B7B-82F9-BA1B8AFB5F71}.Release|iPhoneSimulator.Build.0 = Release|Any CPU
		{7CEF5102-091D-4B7B-82F9-BA1B8AFB5F71}.Release|iPhoneSimulator.Deploy.0 = Release|Any CPU
		{7CEF5102-091D-4B7B-82F9-BA1B8AFB5F71}.Release|x64.ActiveCfg = Release|Any CPU
		{7CEF5102-091D-4B7B-82F9-BA1B8AFB5F71}.Release|x64.Build.0 = Release|Any CPU
		{7CEF5102-091D-4B7B-82F9-BA1B8AFB5F71}.Release|x64.Deploy.0 = Release|Any CPU
		{7CEF5102-091D-4B7B-82F9-BA1B8AFB5F71}.Release|x86.ActiveCfg = Release|Any CPU
		{7CEF5102-091D-4B7B-82F9-BA1B8AFB5F71}.Release|x86.Build.0 = Release|Any CPU
		{7CEF5102-091D-4B7B-82F9-BA1B8AFB5F71}.Release|x86.Deploy.0 = Release|Any CPU
		{1C4F48F5-4C8D-4651-95A9-3A532887834C}.Ad-Hoc|Any CPU.ActiveCfg = Release|Any CPU
		{1C4F48F5-4C8D-4651-95A9-3A532887834C}.Ad-Hoc|Any CPU.Build.0 = Release|Any CPU
		{1C4F48F5-4C8D-4651-95A9-3A532887834C}.Ad-Hoc|ARM.ActiveCfg = Release|Any CPU
		{1C4F48F5-4C8D-4651-95A9-3A532887834C}.Ad-Hoc|ARM.Build.0 = Release|Any CPU
		{1C4F48F5-4C8D-4651-95A9-3A532887834C}.Ad-Hoc|iPhone.ActiveCfg = Release|Any CPU
		{1C4F48F5-4C8D-4651-95A9-3A532887834C}.Ad-Hoc|iPhone.Build.0 = Release|Any CPU
		{1C4F48F5-4C8D-4651-95A9-3A532887834C}.Ad-Hoc|iPhoneSimulator.ActiveCfg = Release|Any CPU
		{1C4F48F5-4C8D-4651-95A9-3A532887834C}.Ad-Hoc|iPhoneSimulator.Build.0 = Release|Any CPU
		{1C4F48F5-4C8D-4651-95A9-3A532887834C}.Ad-Hoc|x64.ActiveCfg = Release|Any CPU
		{1C4F48F5-4C8D-4651-95A9-3A532887834C}.Ad-Hoc|x64.Build.0 = Release|Any CPU
		{1C4F48F5-4C8D-4651-95A9-3A532887834C}.Ad-Hoc|x86.ActiveCfg = Release|Any CPU
		{1C4F48F5-4C8D-4651-95A9-3A532887834C}.Ad-Hoc|x86.Build.0 = Release|Any CPU
		{1C4F48F5-4C8D-4651-95A9-3A532887834C}.AppStore|Any CPU.ActiveCfg = Release|Any CPU
		{1C4F48F5-4C8D-4651-95A9-3A532887834C}.AppStore|Any CPU.Build.0 = Release|Any CPU
		{1C4F48F5-4C8D-4651-95A9-3A532887834C}.AppStore|ARM.ActiveCfg = Release|Any CPU
		{1C4F48F5-4C8D-4651-95A9-3A532887834C}.AppStore|ARM.Build.0 = Release|Any CPU
		{1C4F48F5-4C8D-4651-95A9-3A532887834C}.AppStore|iPhone.ActiveCfg = Release|Any CPU
		{1C4F48F5-4C8D-4651-95A9-3A532887834C}.AppStore|iPhone.Build.0 = Release|Any CPU
		{1C4F48F5-4C8D-4651-95A9-3A532887834C}.AppStore|iPhoneSimulator.ActiveCfg = Release|Any CPU
		{1C4F48F5-4C8D-4651-95A9-3A532887834C}.AppStore|iPhoneSimulator.Build.0 = Release|Any CPU
		{1C4F48F5-4C8D-4651-95A9-3A532887834C}.AppStore|x64.ActiveCfg = Release|Any CPU
		{1C4F48F5-4C8D-4651-95A9-3A532887834C}.AppStore|x64.Build.0 = Release|Any CPU
		{1C4F48F5-4C8D-4651-95A9-3A532887834C}.AppStore|x86.ActiveCfg = Release|Any CPU
		{1C4F48F5-4C8D-4651-95A9-3A532887834C}.AppStore|x86.Build.0 = Release|Any CPU
		{1C4F48F5-4C8D-4651-95A9-3A532887834C}.Debug|Any CPU.ActiveCfg = Debug|Any CPU
		{1C4F48F5-4C8D-4651-95A9-3A532887834C}.Debug|Any CPU.Build.0 = Debug|Any CPU
		{1C4F48F5-4C8D-4651-95A9-3A532887834C}.Debug|ARM.ActiveCfg = Debug|Any CPU
		{1C4F48F5-4C8D-4651-95A9-3A532887834C}.Debug|ARM.Build.0 = Debug|Any CPU
		{1C4F48F5-4C8D-4651-95A9-3A532887834C}.Debug|iPhone.ActiveCfg = Debug|Any CPU
		{1C4F48F5-4C8D-4651-95A9-3A532887834C}.Debug|iPhone.Build.0 = Debug|Any CPU
		{1C4F48F5-4C8D-4651-95A9-3A532887834C}.Debug|iPhoneSimulator.ActiveCfg = Debug|Any CPU
		{1C4F48F5-4C8D-4651-95A9-3A532887834C}.Debug|iPhoneSimulator.Build.0 = Debug|Any CPU
		{1C4F48F5-4C8D-4651-95A9-3A532887834C}.Debug|x64.ActiveCfg = Debug|Any CPU
		{1C4F48F5-4C8D-4651-95A9-3A532887834C}.Debug|x64.Build.0 = Debug|Any CPU
		{1C4F48F5-4C8D-4651-95A9-3A532887834C}.Debug|x86.ActiveCfg = Debug|Any CPU
		{1C4F48F5-4C8D-4651-95A9-3A532887834C}.Debug|x86.Build.0 = Debug|Any CPU
		{1C4F48F5-4C8D-4651-95A9-3A532887834C}.Release|Any CPU.ActiveCfg = Release|Any CPU
		{1C4F48F5-4C8D-4651-95A9-3A532887834C}.Release|Any CPU.Build.0 = Release|Any CPU
		{1C4F48F5-4C8D-4651-95A9-3A532887834C}.Release|ARM.ActiveCfg = Release|Any CPU
		{1C4F48F5-4C8D-4651-95A9-3A532887834C}.Release|ARM.Build.0 = Release|Any CPU
		{1C4F48F5-4C8D-4651-95A9-3A532887834C}.Release|iPhone.ActiveCfg = Release|Any CPU
		{1C4F48F5-4C8D-4651-95A9-3A532887834C}.Release|iPhone.Build.0 = Release|Any CPU
		{1C4F48F5-4C8D-4651-95A9-3A532887834C}.Release|iPhoneSimulator.ActiveCfg = Release|Any CPU
		{1C4F48F5-4C8D-4651-95A9-3A532887834C}.Release|iPhoneSimulator.Build.0 = Release|Any CPU
		{1C4F48F5-4C8D-4651-95A9-3A532887834C}.Release|x64.ActiveCfg = Release|Any CPU
		{1C4F48F5-4C8D-4651-95A9-3A532887834C}.Release|x64.Build.0 = Release|Any CPU
		{1C4F48F5-4C8D-4651-95A9-3A532887834C}.Release|x86.ActiveCfg = Release|Any CPU
		{1C4F48F5-4C8D-4651-95A9-3A532887834C}.Release|x86.Build.0 = Release|Any CPU
		{8B631DFB-F576-478C-B851-0A03084F74CE}.Ad-Hoc|Any CPU.ActiveCfg = Release|x86
		{8B631DFB-F576-478C-B851-0A03084F74CE}.Ad-Hoc|Any CPU.Build.0 = Release|x86
		{8B631DFB-F576-478C-B851-0A03084F74CE}.Ad-Hoc|Any CPU.Deploy.0 = Release|x86
		{8B631DFB-F576-478C-B851-0A03084F74CE}.Ad-Hoc|ARM.ActiveCfg = Release|ARM
		{8B631DFB-F576-478C-B851-0A03084F74CE}.Ad-Hoc|ARM.Build.0 = Release|ARM
		{8B631DFB-F576-478C-B851-0A03084F74CE}.Ad-Hoc|ARM.Deploy.0 = Release|ARM
		{8B631DFB-F576-478C-B851-0A03084F74CE}.Ad-Hoc|iPhone.ActiveCfg = Release|x86
		{8B631DFB-F576-478C-B851-0A03084F74CE}.Ad-Hoc|iPhone.Build.0 = Release|x86
		{8B631DFB-F576-478C-B851-0A03084F74CE}.Ad-Hoc|iPhone.Deploy.0 = Release|x86
		{8B631DFB-F576-478C-B851-0A03084F74CE}.Ad-Hoc|iPhoneSimulator.ActiveCfg = Release|x86
		{8B631DFB-F576-478C-B851-0A03084F74CE}.Ad-Hoc|iPhoneSimulator.Build.0 = Release|x86
		{8B631DFB-F576-478C-B851-0A03084F74CE}.Ad-Hoc|iPhoneSimulator.Deploy.0 = Release|x86
		{8B631DFB-F576-478C-B851-0A03084F74CE}.Ad-Hoc|x64.ActiveCfg = Release|x64
		{8B631DFB-F576-478C-B851-0A03084F74CE}.Ad-Hoc|x64.Build.0 = Release|x64
		{8B631DFB-F576-478C-B851-0A03084F74CE}.Ad-Hoc|x64.Deploy.0 = Release|x64
		{8B631DFB-F576-478C-B851-0A03084F74CE}.Ad-Hoc|x86.ActiveCfg = Release|x86
		{8B631DFB-F576-478C-B851-0A03084F74CE}.Ad-Hoc|x86.Build.0 = Release|x86
		{8B631DFB-F576-478C-B851-0A03084F74CE}.Ad-Hoc|x86.Deploy.0 = Release|x86
		{8B631DFB-F576-478C-B851-0A03084F74CE}.AppStore|Any CPU.ActiveCfg = Release|x86
		{8B631DFB-F576-478C-B851-0A03084F74CE}.AppStore|Any CPU.Build.0 = Release|x86
		{8B631DFB-F576-478C-B851-0A03084F74CE}.AppStore|Any CPU.Deploy.0 = Release|x86
		{8B631DFB-F576-478C-B851-0A03084F74CE}.AppStore|ARM.ActiveCfg = Release|ARM
		{8B631DFB-F576-478C-B851-0A03084F74CE}.AppStore|ARM.Build.0 = Release|ARM
		{8B631DFB-F576-478C-B851-0A03084F74CE}.AppStore|ARM.Deploy.0 = Release|ARM
		{8B631DFB-F576-478C-B851-0A03084F74CE}.AppStore|iPhone.ActiveCfg = Release|x86
		{8B631DFB-F576-478C-B851-0A03084F74CE}.AppStore|iPhone.Build.0 = Release|x86
		{8B631DFB-F576-478C-B851-0A03084F74CE}.AppStore|iPhone.Deploy.0 = Release|x86
		{8B631DFB-F576-478C-B851-0A03084F74CE}.AppStore|iPhoneSimulator.ActiveCfg = Release|x86
		{8B631DFB-F576-478C-B851-0A03084F74CE}.AppStore|iPhoneSimulator.Build.0 = Release|x86
		{8B631DFB-F576-478C-B851-0A03084F74CE}.AppStore|iPhoneSimulator.Deploy.0 = Release|x86
		{8B631DFB-F576-478C-B851-0A03084F74CE}.AppStore|x64.ActiveCfg = Release|x64
		{8B631DFB-F576-478C-B851-0A03084F74CE}.AppStore|x64.Build.0 = Release|x64
		{8B631DFB-F576-478C-B851-0A03084F74CE}.AppStore|x64.Deploy.0 = Release|x64
		{8B631DFB-F576-478C-B851-0A03084F74CE}.AppStore|x86.ActiveCfg = Release|x86
		{8B631DFB-F576-478C-B851-0A03084F74CE}.AppStore|x86.Build.0 = Release|x86
		{8B631DFB-F576-478C-B851-0A03084F74CE}.AppStore|x86.Deploy.0 = Release|x86
		{8B631DFB-F576-478C-B851-0A03084F74CE}.Debug|Any CPU.ActiveCfg = Debug|x86
		{8B631DFB-F576-478C-B851-0A03084F74CE}.Debug|ARM.ActiveCfg = Debug|ARM
		{8B631DFB-F576-478C-B851-0A03084F74CE}.Debug|ARM.Build.0 = Debug|ARM
		{8B631DFB-F576-478C-B851-0A03084F74CE}.Debug|ARM.Deploy.0 = Debug|ARM
		{8B631DFB-F576-478C-B851-0A03084F74CE}.Debug|iPhone.ActiveCfg = Debug|x86
		{8B631DFB-F576-478C-B851-0A03084F74CE}.Debug|iPhoneSimulator.ActiveCfg = Debug|x86
		{8B631DFB-F576-478C-B851-0A03084F74CE}.Debug|x64.ActiveCfg = Debug|x64
		{8B631DFB-F576-478C-B851-0A03084F74CE}.Debug|x64.Build.0 = Debug|x64
		{8B631DFB-F576-478C-B851-0A03084F74CE}.Debug|x64.Deploy.0 = Debug|x64
		{8B631DFB-F576-478C-B851-0A03084F74CE}.Debug|x86.ActiveCfg = Debug|x86
		{8B631DFB-F576-478C-B851-0A03084F74CE}.Debug|x86.Build.0 = Debug|x86
		{8B631DFB-F576-478C-B851-0A03084F74CE}.Debug|x86.Deploy.0 = Debug|x86
		{8B631DFB-F576-478C-B851-0A03084F74CE}.Release|Any CPU.ActiveCfg = Release|x86
		{8B631DFB-F576-478C-B851-0A03084F74CE}.Release|ARM.ActiveCfg = Release|ARM
		{8B631DFB-F576-478C-B851-0A03084F74CE}.Release|ARM.Build.0 = Release|ARM
		{8B631DFB-F576-478C-B851-0A03084F74CE}.Release|ARM.Deploy.0 = Release|ARM
		{8B631DFB-F576-478C-B851-0A03084F74CE}.Release|iPhone.ActiveCfg = Release|x86
		{8B631DFB-F576-478C-B851-0A03084F74CE}.Release|iPhoneSimulator.ActiveCfg = Release|x86
		{8B631DFB-F576-478C-B851-0A03084F74CE}.Release|x64.ActiveCfg = Release|x64
		{8B631DFB-F576-478C-B851-0A03084F74CE}.Release|x64.Build.0 = Release|x64
		{8B631DFB-F576-478C-B851-0A03084F74CE}.Release|x64.Deploy.0 = Release|x64
		{8B631DFB-F576-478C-B851-0A03084F74CE}.Release|x86.ActiveCfg = Release|x86
		{8B631DFB-F576-478C-B851-0A03084F74CE}.Release|x86.Build.0 = Release|x86
		{8B631DFB-F576-478C-B851-0A03084F74CE}.Release|x86.Deploy.0 = Release|x86
		{AC21C268-7B2E-4C44-B13B-44E925205629}.Ad-Hoc|Any CPU.ActiveCfg = Ad-Hoc|iPhone
		{AC21C268-7B2E-4C44-B13B-44E925205629}.Ad-Hoc|ARM.ActiveCfg = Ad-Hoc|iPhone
		{AC21C268-7B2E-4C44-B13B-44E925205629}.Ad-Hoc|iPhone.ActiveCfg = Ad-Hoc|iPhone
		{AC21C268-7B2E-4C44-B13B-44E925205629}.Ad-Hoc|iPhone.Build.0 = Ad-Hoc|iPhone
		{AC21C268-7B2E-4C44-B13B-44E925205629}.Ad-Hoc|iPhoneSimulator.ActiveCfg = Ad-Hoc|iPhoneSimulator
		{AC21C268-7B2E-4C44-B13B-44E925205629}.Ad-Hoc|iPhoneSimulator.Build.0 = Ad-Hoc|iPhoneSimulator
		{AC21C268-7B2E-4C44-B13B-44E925205629}.Ad-Hoc|x64.ActiveCfg = Ad-Hoc|iPhone
		{AC21C268-7B2E-4C44-B13B-44E925205629}.Ad-Hoc|x86.ActiveCfg = Ad-Hoc|iPhone
		{AC21C268-7B2E-4C44-B13B-44E925205629}.AppStore|Any CPU.ActiveCfg = AppStore|iPhone
		{AC21C268-7B2E-4C44-B13B-44E925205629}.AppStore|ARM.ActiveCfg = AppStore|iPhone
		{AC21C268-7B2E-4C44-B13B-44E925205629}.AppStore|iPhone.ActiveCfg = AppStore|iPhone
		{AC21C268-7B2E-4C44-B13B-44E925205629}.AppStore|iPhone.Build.0 = AppStore|iPhone
		{AC21C268-7B2E-4C44-B13B-44E925205629}.AppStore|iPhoneSimulator.ActiveCfg = AppStore|iPhoneSimulator
		{AC21C268-7B2E-4C44-B13B-44E925205629}.AppStore|iPhoneSimulator.Build.0 = AppStore|iPhoneSimulator
		{AC21C268-7B2E-4C44-B13B-44E925205629}.AppStore|x64.ActiveCfg = AppStore|iPhone
		{AC21C268-7B2E-4C44-B13B-44E925205629}.AppStore|x86.ActiveCfg = AppStore|iPhone
		{AC21C268-7B2E-4C44-B13B-44E925205629}.Debug|Any CPU.ActiveCfg = Debug|iPhone
		{AC21C268-7B2E-4C44-B13B-44E925205629}.Debug|ARM.ActiveCfg = Debug|iPhone
		{AC21C268-7B2E-4C44-B13B-44E925205629}.Debug|iPhone.ActiveCfg = Debug|iPhone
		{AC21C268-7B2E-4C44-B13B-44E925205629}.Debug|iPhone.Build.0 = Debug|iPhone
		{AC21C268-7B2E-4C44-B13B-44E925205629}.Debug|iPhoneSimulator.ActiveCfg = Debug|iPhoneSimulator
		{AC21C268-7B2E-4C44-B13B-44E925205629}.Debug|iPhoneSimulator.Build.0 = Debug|iPhoneSimulator
		{AC21C268-7B2E-4C44-B13B-44E925205629}.Debug|x64.ActiveCfg = Debug|iPhone
		{AC21C268-7B2E-4C44-B13B-44E925205629}.Debug|x86.ActiveCfg = Debug|iPhone
		{AC21C268-7B2E-4C44-B13B-44E925205629}.Release|Any CPU.ActiveCfg = Release|iPhone
		{AC21C268-7B2E-4C44-B13B-44E925205629}.Release|ARM.ActiveCfg = Release|iPhone
		{AC21C268-7B2E-4C44-B13B-44E925205629}.Release|iPhone.ActiveCfg = Release|iPhone
		{AC21C268-7B2E-4C44-B13B-44E925205629}.Release|iPhone.Build.0 = Release|iPhone
		{AC21C268-7B2E-4C44-B13B-44E925205629}.Release|iPhoneSimulator.ActiveCfg = Release|iPhoneSimulator
		{AC21C268-7B2E-4C44-B13B-44E925205629}.Release|iPhoneSimulator.Build.0 = Release|iPhoneSimulator
		{AC21C268-7B2E-4C44-B13B-44E925205629}.Release|x64.ActiveCfg = Release|iPhone
		{AC21C268-7B2E-4C44-B13B-44E925205629}.Release|x86.ActiveCfg = Release|iPhone
	EndGlobalSection
	GlobalSection(SolutionProperties) = preSolution
		HideSolutionNode = FALSE
	EndGlobalSection
	GlobalSection(ExtensibilityGlobals) = postSolution
		SolutionGuid = {6532C146-110F-4CEE-9FFB-B0555E4691E1}
	EndGlobalSection
EndGlobal
